
Microsoft Visual Studio Solution File, Format Version 12.00
# Visual Studio Version 17
VisualStudioVersion = 17.3.32825.248
MinimumVisualStudioVersion = 10.0.40219.1
Project("{9A19103F-16F7-4668-BE54-9A1E7A4F7556}") = "MatrixMultiplication", "MatrixMultiplication\MatrixMultiplication.csproj", "{6489D1A7-F18D-4CE2-B074-0CC72CC648CA}"
EndProject
Project("{FAE04EC0-301F-11D3-BF4B-00C04F79EFBC}") = "MatrixMultiplication.Tests", "MatrixMultiplication.Tests\MatrixMultiplication.Tests.csproj", "{34F297AD-C31E-4C55-9FF4-9E8EC55B8CA4}"
EndProject
Global
	GlobalSection(SolutionConfigurationPlatforms) = preSolution
		Debug|Any CPU = Debug|Any CPU
		Release|Any CPU = Release|Any CPU
	EndGlobalSection
	GlobalSection(ProjectConfigurationPlatforms) = postSolution
		{6489D1A7-F18D-4CE2-B074-0CC72CC648CA}.Debug|Any CPU.ActiveCfg = Debug|Any CPU
		{6489D1A7-F18D-4CE2-B074-0CC72CC648CA}.Debug|Any CPU.Build.0 = Debug|Any CPU
		{6489D1A7-F18D-4CE2-B074-0CC72CC648CA}.Release|Any CPU.ActiveCfg = Release|Any CPU
		{6489D1A7-F18D-4CE2-B074-0CC72CC648CA}.Release|Any CPU.Build.0 = Release|Any CPU
		{34F297AD-C31E-4C55-9FF4-9E8EC55B8CA4}.Debug|Any CPU.ActiveCfg = Debug|Any CPU
		{34F297AD-C31E-4C55-9FF4-9E8EC55B8CA4}.Debug|Any CPU.Build.0 = Debug|Any CPU
		{34F297AD-C31E-4C55-9FF4-9E8EC55B8CA4}.Release|Any CPU.ActiveCfg = Release|Any CPU
		{34F297AD-C31E-4C55-9FF4-9E8EC55B8CA4}.Release|Any CPU.Build.0 = Release|Any CPU
	EndGlobalSection
	GlobalSection(SolutionProperties) = preSolution
		HideSolutionNode = FALSE
	EndGlobalSection
	GlobalSection(ExtensibilityGlobals) = postSolution
		SolutionGuid = {BBEFD794-FE2A-45B2-AC22-23B8DA008C87}
	EndGlobalSection
EndGlobal
